// !$*UTF8*$!
{
	archiveVersion = 1;
	classes = {
	};
	objectVersion = 56;
	objects = {

/* Begin PBXBuildFile section */
		B3210FFC2AE0146600223753 /* WindowedBrowserApp.swift in Sources */ = {isa = PBXBuildFile; fileRef = B3210FFB2AE0146600223753 /* WindowedBrowserApp.swift */; };
		B3210FFE2AE0146600223753 /* ContentView.swift in Sources */ = {isa = PBXBuildFile; fileRef = B3210FFD2AE0146600223753 /* ContentView.swift */; };
		B32110002AE0146700223753 /* Assets.xcassets in Resources */ = {isa = PBXBuildFile; fileRef = B3210FFF2AE0146700223753 /* Assets.xcassets */; };
		B32110032AE0146700223753 /* Preview Assets.xcassets in Resources */ = {isa = PBXBuildFile; fileRef = B32110022AE0146700223753 /* Preview Assets.xcassets */; };
		B321100B2AE0180500223753 /* WebView in Frameworks */ = {isa = PBXBuildFile; productRef = B321100A2AE0180500223753 /* WebView */; };
		B321100D2AE018B900223753 /* WebpageView.swift in Sources */ = {isa = PBXBuildFile; fileRef = B321100C2AE018B900223753 /* WebpageView.swift */; };
		B321100F2AE018EA00223753 /* Globals.swift in Sources */ = {isa = PBXBuildFile; fileRef = B321100E2AE018EA00223753 /* Globals.swift */; };
		B32110122AE0297C00223753 /* WebpageData.swift in Sources */ = {isa = PBXBuildFile; fileRef = B32110112AE0297C00223753 /* WebpageData.swift */; };
		B32110152AE02AF900223753 /* FaviconFinder in Frameworks */ = {isa = PBXBuildFile; productRef = B32110142AE02AF900223753 /* FaviconFinder */; };
/* End PBXBuildFile section */

/* Begin PBXFileReference section */
		B3210FF82AE0146600223753 /* WindowedBrowser.app */ = {isa = PBXFileReference; explicitFileType = wrapper.application; includeInIndex = 0; path = WindowedBrowser.app; sourceTree = BUILT_PRODUCTS_DIR; };
		B3210FFB2AE0146600223753 /* WindowedBrowserApp.swift */ = {isa = PBXFileReference; lastKnownFileType = sourcecode.swift; path = WindowedBrowserApp.swift; sourceTree = "<group>"; };
		B3210FFD2AE0146600223753 /* ContentView.swift */ = {isa = PBXFileReference; lastKnownFileType = sourcecode.swift; path = ContentView.swift; sourceTree = "<group>"; };
		B3210FFF2AE0146700223753 /* Assets.xcassets */ = {isa = PBXFileReference; lastKnownFileType = folder.assetcatalog; path = Assets.xcassets; sourceTree = "<group>"; };
		B32110022AE0146700223753 /* Preview Assets.xcassets */ = {isa = PBXFileReference; lastKnownFileType = folder.assetcatalog; path = "Preview Assets.xcassets"; sourceTree = "<group>"; };
		B321100C2AE018B900223753 /* WebpageView.swift */ = {isa = PBXFileReference; lastKnownFileType = sourcecode.swift; path = WebpageView.swift; sourceTree = "<group>"; };
		B321100E2AE018EA00223753 /* Globals.swift */ = {isa = PBXFileReference; lastKnownFileType = sourcecode.swift; path = Globals.swift; sourceTree = "<group>"; };
		B32110102AE01C1800223753 /* TODO.md */ = {isa = PBXFileReference; lastKnownFileType = net.daringfireball.markdown; path = TODO.md; sourceTree = "<group>"; };
		B32110112AE0297C00223753 /* WebpageData.swift */ = {isa = PBXFileReference; lastKnownFileType = sourcecode.swift; path = WebpageData.swift; sourceTree = "<group>"; };
		B32110162AE02CA800223753 /* Info.plist */ = {isa = PBXFileReference; lastKnownFileType = text.plist; path = Info.plist; sourceTree = "<group>"; };
/* End PBXFileReference section */

/* Begin PBXFrameworksBuildPhase section */
		B3210FF52AE0146600223753 /* Frameworks */ = {
			isa = PBXFrameworksBuildPhase;
			buildActionMask = 2147483647;
			files = (
				B321100B2AE0180500223753 /* WebView in Frameworks */,
				B32110152AE02AF900223753 /* FaviconFinder in Frameworks */,
			);
			runOnlyForDeploymentPostprocessing = 0;
		};
/* End PBXFrameworksBuildPhase section */

/* Begin PBXGroup section */
		B3210FEF2AE0146600223753 = {
			isa = PBXGroup;
			children = (
				B3210FFA2AE0146600223753 /* WindowedBrowser */,
				B3210FF92AE0146600223753 /* Products */,
			);
			sourceTree = "<group>";
		};
		B3210FF92AE0146600223753 /* Products */ = {
			isa = PBXGroup;
			children = (
				B3210FF82AE0146600223753 /* WindowedBrowser.app */,
			);
			name = Products;
			sourceTree = "<group>";
		};
		B3210FFA2AE0146600223753 /* WindowedBrowser */ = {
			isa = PBXGroup;
			children = (
				B32110162AE02CA800223753 /* Info.plist */,
				B3210FFB2AE0146600223753 /* WindowedBrowserApp.swift */,
				B3210FFD2AE0146600223753 /* ContentView.swift */,
				B321100C2AE018B900223753 /* WebpageView.swift */,
				B32110112AE0297C00223753 /* WebpageData.swift */,
				B3210FFF2AE0146700223753 /* Assets.xcassets */,
				B32110012AE0146700223753 /* Preview Content */,
				B321100E2AE018EA00223753 /* Globals.swift */,
				B32110102AE01C1800223753 /* TODO.md */,
			);
			path = WindowedBrowser;
			sourceTree = "<group>";
		};
		B32110012AE0146700223753 /* Preview Content */ = {
			isa = PBXGroup;
			children = (
				B32110022AE0146700223753 /* Preview Assets.xcassets */,
			);
			path = "Preview Content";
			sourceTree = "<group>";
		};
/* End PBXGroup section */

/* Begin PBXNativeTarget section */
		B3210FF72AE0146600223753 /* WindowedBrowser */ = {
			isa = PBXNativeTarget;
			buildConfigurationList = B32110062AE0146700223753 /* Build configuration list for PBXNativeTarget "WindowedBrowser" */;
			buildPhases = (
				B3210FF42AE0146600223753 /* Sources */,
				B3210FF52AE0146600223753 /* Frameworks */,
				B3210FF62AE0146600223753 /* Resources */,
			);
			buildRules = (
			);
			dependencies = (
			);
			name = WindowedBrowser;
			packageProductDependencies = (
				B321100A2AE0180500223753 /* WebView */,
				B32110142AE02AF900223753 /* FaviconFinder */,
			);
			productName = WindowedBrowser;
			productReference = B3210FF82AE0146600223753 /* WindowedBrowser.app */;
			productType = "com.apple.product-type.application";
		};
/* End PBXNativeTarget section */

/* Begin PBXProject section */
		B3210FF02AE0146600223753 /* Project object */ = {
			isa = PBXProject;
			attributes = {
				BuildIndependentTargetsInParallel = 1;
				LastSwiftUpdateCheck = 1500;
				LastUpgradeCheck = 1500;
				TargetAttributes = {
					B3210FF72AE0146600223753 = {
						CreatedOnToolsVersion = 15.0;
					};
				};
			};
			buildConfigurationList = B3210FF32AE0146600223753 /* Build configuration list for PBXProject "WindowedBrowser" */;
			compatibilityVersion = "Xcode 14.0";
			developmentRegion = en;
			hasScannedForEncodings = 0;
			knownRegions = (
				en,
				Base,
			);
			mainGroup = B3210FEF2AE0146600223753;
			packageReferences = (
				B32110092AE0180500223753 /* XCRemoteSwiftPackageReference "SwiftUI-WebView" */,
				B32110132AE02AF900223753 /* XCRemoteSwiftPackageReference "FaviconFinder" */,
			);
			productRefGroup = B3210FF92AE0146600223753 /* Products */;
			projectDirPath = "";
			projectRoot = "";
			targets = (
				B3210FF72AE0146600223753 /* WindowedBrowser */,
			);
		};
/* End PBXProject section */

/* Begin PBXResourcesBuildPhase section */
		B3210FF62AE0146600223753 /* Resources */ = {
			isa = PBXResourcesBuildPhase;
			buildActionMask = 2147483647;
			files = (
				B32110032AE0146700223753 /* Preview Assets.xcassets in Resources */,
				B32110002AE0146700223753 /* Assets.xcassets in Resources */,
			);
			runOnlyForDeploymentPostprocessing = 0;
		};
/* End PBXResourcesBuildPhase section */

/* Begin PBXSourcesBuildPhase section */
		B3210FF42AE0146600223753 /* Sources */ = {
			isa = PBXSourcesBuildPhase;
			buildActionMask = 2147483647;
			files = (
				B321100F2AE018EA00223753 /* Globals.swift in Sources */,
				B3210FFE2AE0146600223753 /* ContentView.swift in Sources */,
				B32110122AE0297C00223753 /* WebpageData.swift in Sources */,
				B321100D2AE018B900223753 /* WebpageView.swift in Sources */,
				B3210FFC2AE0146600223753 /* WindowedBrowserApp.swift in Sources */,
			);
			runOnlyForDeploymentPostprocessing = 0;
		};
/* End PBXSourcesBuildPhase section */

/* Begin XCBuildConfiguration section */
		B32110042AE0146700223753 /* Debug */ = {
			isa = XCBuildConfiguration;
			buildSettings = {
				ALWAYS_SEARCH_USER_PATHS = NO;
				ASSETCATALOG_COMPILER_GENERATE_SWIFT_ASSET_SYMBOL_EXTENSIONS = YES;
				CLANG_ANALYZER_NONNULL = YES;
				CLANG_ANALYZER_NUMBER_OBJECT_CONVERSION = YES_AGGRESSIVE;
				CLANG_CXX_LANGUAGE_STANDARD = "gnu++20";
				CLANG_ENABLE_MODULES = YES;
				CLANG_ENABLE_OBJC_ARC = YES;
				CLANG_ENABLE_OBJC_WEAK = YES;
				CLANG_WARN_BLOCK_CAPTURE_AUTORELEASING = YES;
				CLANG_WARN_BOOL_CONVERSION = YES;
				CLANG_WARN_COMMA = YES;
				CLANG_WARN_CONSTANT_CONVERSION = YES;
				CLANG_WARN_DEPRECATED_OBJC_IMPLEMENTATIONS = YES;
				CLANG_WARN_DIRECT_OBJC_ISA_USAGE = YES_ERROR;
				CLANG_WARN_DOCUMENTATION_COMMENTS = YES;
				CLANG_WARN_EMPTY_BODY = YES;
				CLANG_WARN_ENUM_CONVERSION = YES;
				CLANG_WARN_INFINITE_RECURSION = YES;
				CLANG_WARN_INT_CONVERSION = YES;
				CLANG_WARN_NON_LITERAL_NULL_CONVERSION = YES;
				CLANG_WARN_OBJC_IMPLICIT_RETAIN_SELF = YES;
				CLANG_WARN_OBJC_LITERAL_CONVERSION = YES;
				CLANG_WARN_OBJC_ROOT_CLASS = YES_ERROR;
				CLANG_WARN_QUOTED_INCLUDE_IN_FRAMEWORK_HEADER = YES;
				CLANG_WARN_RANGE_LOOP_ANALYSIS = YES;
				CLANG_WARN_STRICT_PROTOTYPES = YES;
				CLANG_WARN_SUSPICIOUS_MOVE = YES;
				CLANG_WARN_UNGUARDED_AVAILABILITY = YES_AGGRESSIVE;
				CLANG_WARN_UNREACHABLE_CODE = YES;
				CLANG_WARN__DUPLICATE_METHOD_MATCH = YES;
				COPY_PHASE_STRIP = NO;
				DEBUG_INFORMATION_FORMAT = dwarf;
				ENABLE_STRICT_OBJC_MSGSEND = YES;
				ENABLE_TESTABILITY = YES;
				ENABLE_USER_SCRIPT_SANDBOXING = YES;
				GCC_C_LANGUAGE_STANDARD = gnu17;
				GCC_DYNAMIC_NO_PIC = NO;
				GCC_NO_COMMON_BLOCKS = YES;
				GCC_OPTIMIZATION_LEVEL = 0;
				GCC_PREPROCESSOR_DEFINITIONS = (
					"DEBUG=1",
					"$(inherited)",
				);
				GCC_WARN_64_TO_32_BIT_CONVERSION = YES;
				GCC_WARN_ABOUT_RETURN_TYPE = YES_ERROR;
				GCC_WARN_UNDECLARED_SELECTOR = YES;
				GCC_WARN_UNINITIALIZED_AUTOS = YES_AGGRESSIVE;
				GCC_WARN_UNUSED_FUNCTION = YES;
				GCC_WARN_UNUSED_VARIABLE = YES;
				IPHONEOS_DEPLOYMENT_TARGET = 17.0;
				LOCALIZATION_PREFERS_STRING_CATALOGS = YES;
				MTL_ENABLE_DEBUG_INFO = INCLUDE_SOURCE;
				MTL_FAST_MATH = YES;
				ONLY_ACTIVE_ARCH = YES;
				SDKROOT = iphoneos;
				SWIFT_ACTIVE_COMPILATION_CONDITIONS = "DEBUG $(inherited)";
				SWIFT_OPTIMIZATION_LEVEL = "-Onone";
			};
			name = Debug;
		};
		B32110052AE0146700223753 /* Release */ = {
			isa = XCBuildConfiguration;
			buildSettings = {
				ALWAYS_SEARCH_USER_PATHS = NO;
				ASSETCATALOG_COMPILER_GENERATE_SWIFT_ASSET_SYMBOL_EXTENSIONS = YES;
				CLANG_ANALYZER_NONNULL = YES;
				CLANG_ANALYZER_NUMBER_OBJECT_CONVERSION = YES_AGGRESSIVE;
				CLANG_CXX_LANGUAGE_STANDARD = "gnu++20";
				CLANG_ENABLE_MODULES = YES;
				CLANG_ENABLE_OBJC_ARC = YES;
				CLANG_ENABLE_OBJC_WEAK = YES;
				CLANG_WARN_BLOCK_CAPTURE_AUTORELEASING = YES;
				CLANG_WARN_BOOL_CONVERSION = YES;
				CLANG_WARN_COMMA = YES;
				CLANG_WARN_CONSTANT_CONVERSION = YES;
				CLANG_WARN_DEPRECATED_OBJC_IMPLEMENTATIONS = YES;
				CLANG_WARN_DIRECT_OBJC_ISA_USAGE = YES_ERROR;
				CLANG_WARN_DOCUMENTATION_COMMENTS = YES;
				CLANG_WARN_EMPTY_BODY = YES;
				CLANG_WARN_ENUM_CONVERSION = YES;
				CLANG_WARN_INFINITE_RECURSION = YES;
				CLANG_WARN_INT_CONVERSION = YES;
				CLANG_WARN_NON_LITERAL_NULL_CONVERSION = YES;
				CLANG_WARN_OBJC_IMPLICIT_RETAIN_SELF = YES;
				CLANG_WARN_OBJC_LITERAL_CONVERSION = YES;
				CLANG_WARN_OBJC_ROOT_CLASS = YES_ERROR;
				CLANG_WARN_QUOTED_INCLUDE_IN_FRAMEWORK_HEADER = YES;
				CLANG_WARN_RANGE_LOOP_ANALYSIS = YES;
				CLANG_WARN_STRICT_PROTOTYPES = YES;
				CLANG_WARN_SUSPICIOUS_MOVE = YES;
				CLANG_WARN_UNGUARDED_AVAILABILITY = YES_AGGRESSIVE;
				CLANG_WARN_UNREACHABLE_CODE = YES;
				CLANG_WARN__DUPLICATE_METHOD_MATCH = YES;
				COPY_PHASE_STRIP = NO;
				DEBUG_INFORMATION_FORMAT = "dwarf-with-dsym";
				ENABLE_NS_ASSERTIONS = NO;
				ENABLE_STRICT_OBJC_MSGSEND = YES;
				ENABLE_USER_SCRIPT_SANDBOXING = YES;
				GCC_C_LANGUAGE_STANDARD = gnu17;
				GCC_NO_COMMON_BLOCKS = YES;
				GCC_WARN_64_TO_32_BIT_CONVERSION = YES;
				GCC_WARN_ABOUT_RETURN_TYPE = YES_ERROR;
				GCC_WARN_UNDECLARED_SELECTOR = YES;
				GCC_WARN_UNINITIALIZED_AUTOS = YES_AGGRESSIVE;
				GCC_WARN_UNUSED_FUNCTION = YES;
				GCC_WARN_UNUSED_VARIABLE = YES;
				IPHONEOS_DEPLOYMENT_TARGET = 17.0;
				LOCALIZATION_PREFERS_STRING_CATALOGS = YES;
				MTL_ENABLE_DEBUG_INFO = NO;
				MTL_FAST_MATH = YES;
				SDKROOT = iphoneos;
				SWIFT_COMPILATION_MODE = wholemodule;
				VALIDATE_PRODUCT = YES;
			};
			name = Release;
		};
		B32110072AE0146700223753 /* Debug */ = {
			isa = XCBuildConfiguration;
			buildSettings = {
				ASSETCATALOG_COMPILER_APPICON_NAME = AppIcon;
				ASSETCATALOG_COMPILER_GLOBAL_ACCENT_COLOR_NAME = AccentColor;
				CODE_SIGN_STYLE = Automatic;
				CURRENT_PROJECT_VERSION = 2;
				DEVELOPMENT_ASSET_PATHS = "\"WindowedBrowser/Preview Content\"";
				DEVELOPMENT_TEAM = JS2ME2LTBF;
				ENABLE_PREVIEWS = YES;
				GENERATE_INFOPLIST_FILE = YES;
				INFOPLIST_FILE = WindowedBrowser/Info.plist;
				INFOPLIST_KEY_LSApplicationCategoryType = "public.app-category.utilities";
				INFOPLIST_KEY_UIApplicationSceneManifest_Generation = YES;
				INFOPLIST_KEY_UIApplicationSupportsIndirectInputEvents = YES;
				INFOPLIST_KEY_UILaunchScreen_Generation = YES;
				INFOPLIST_KEY_UISupportedInterfaceOrientations_iPad = "UIInterfaceOrientationPortrait UIInterfaceOrientationPortraitUpsideDown UIInterfaceOrientationLandscapeLeft UIInterfaceOrientationLandscapeRight";
				INFOPLIST_KEY_UISupportedInterfaceOrientations_iPhone = "UIInterfaceOrientationPortrait UIInterfaceOrientationLandscapeLeft UIInterfaceOrientationLandscapeRight";
				IPHONEOS_DEPLOYMENT_TARGET = 17.0;
				LD_RUNPATH_SEARCH_PATHS = (
					"$(inherited)",
					"@executable_path/Frameworks",
				);
				MARKETING_VERSION = 0.1.1;
				PRODUCT_BUNDLE_IDENTIFIER = com.wyw.WindowedBrowser;
				PRODUCT_NAME = "$(TARGET_NAME)";
				SUPPORTED_PLATFORMS = "iphoneos iphonesimulator";
				SUPPORTS_MACCATALYST = NO;
				SWIFT_EMIT_LOC_STRINGS = YES;
				SWIFT_VERSION = 5.0;
				TARGETED_DEVICE_FAMILY = 2;
			};
			name = Debug;
		};
		B32110082AE0146700223753 /* Release */ = {
			isa = XCBuildConfiguration;
			buildSettings = {
				ASSETCATALOG_COMPILER_APPICON_NAME = AppIcon;
				ASSETCATALOG_COMPILER_GLOBAL_ACCENT_COLOR_NAME = AccentColor;
				CODE_SIGN_STYLE = Automatic;
				CURRENT_PROJECT_VERSION = 2;
				DEVELOPMENT_ASSET_PATHS = "\"WindowedBrowser/Preview Content\"";
				DEVELOPMENT_TEAM = JS2ME2LTBF;
				ENABLE_PREVIEWS = YES;
				GENERATE_INFOPLIST_FILE = YES;
				INFOPLIST_FILE = WindowedBrowser/Info.plist;
				INFOPLIST_KEY_LSApplicationCategoryType = "public.app-category.utilities";
				INFOPLIST_KEY_UIApplicationSceneManifest_Generation = YES;
				INFOPLIST_KEY_UIApplicationSupportsIndirectInputEvents = YES;
				INFOPLIST_KEY_UILaunchScreen_Generation = YES;
				INFOPLIST_KEY_UISupportedInterfaceOrientations_iPad = "UIInterfaceOrientationPortrait UIInterfaceOrientationPortraitUpsideDown UIInterfaceOrientationLandscapeLeft UIInterfaceOrientationLandscapeRight";
				INFOPLIST_KEY_UISupportedInterfaceOrientations_iPhone = "UIInterfaceOrientationPortrait UIInterfaceOrientationLandscapeLeft UIInterfaceOrientationLandscapeRight";
				IPHONEOS_DEPLOYMENT_TARGET = 17.0;
				LD_RUNPATH_SEARCH_PATHS = (
					"$(inherited)",
					"@executable_path/Frameworks",
				);
				MARKETING_VERSION = 0.1.1;
				PRODUCT_BUNDLE_IDENTIFIER = com.wyw.WindowedBrowser;
				PRODUCT_NAME = "$(TARGET_NAME)";
				SUPPORTED_PLATFORMS = "iphoneos iphonesimulator";
				SUPPORTS_MACCATALYST = NO;
				SWIFT_EMIT_LOC_STRINGS = YES;
				SWIFT_VERSION = 5.0;
				TARGETED_DEVICE_FAMILY = 2;
			};
			name = Release;
		};
/* End XCBuildConfiguration section */

/* Begin XCConfigurationList section */
		B3210FF32AE0146600223753 /* Build configuration list for PBXProject "WindowedBrowser" */ = {
			isa = XCConfigurationList;
			buildConfigurations = (
				B32110042AE0146700223753 /* Debug */,
				B32110052AE0146700223753 /* Release */,
			);
			defaultConfigurationIsVisible = 0;
			defaultConfigurationName = Release;
		};
		B32110062AE0146700223753 /* Build configuration list for PBXNativeTarget "WindowedBrowser" */ = {
			isa = XCConfigurationList;
			buildConfigurations = (
				B32110072AE0146700223753 /* Debug */,
				B32110082AE0146700223753 /* Release */,
			);
			defaultConfigurationIsVisible = 0;
			defaultConfigurationName = Release;
		};
/* End XCConfigurationList section */

/* Begin XCRemoteSwiftPackageReference section */
		B32110092AE0180500223753 /* XCRemoteSwiftPackageReference "SwiftUI-WebView" */ = {
			isa = XCRemoteSwiftPackageReference;
			repositoryURL = "https://github.com/kylehickinson/SwiftUI-WebView";
			requirement = {
				kind = upToNextMajorVersion;
				minimumVersion = 0.3.0;
			};
		};
		B32110132AE02AF900223753 /* XCRemoteSwiftPackageReference "FaviconFinder" */ = {
			isa = XCRemoteSwiftPackageReference;
			repositoryURL = "https://github.com/will-lumley/FaviconFinder";
			requirement = {
				kind = upToNextMajorVersion;
				minimumVersion = 4.2.0;
			};
		};
/* End XCRemoteSwiftPackageReference section */

/* Begin XCSwiftPackageProductDependency section */
		B321100A2AE0180500223753 /* WebView */ = {
			isa = XCSwiftPackageProductDependency;
			package = B32110092AE0180500223753 /* XCRemoteSwiftPackageReference "SwiftUI-WebView" */;
			productName = WebView;
		};
		B32110142AE02AF900223753 /* FaviconFinder */ = {
			isa = XCSwiftPackageProductDependency;
			package = B32110132AE02AF900223753 /* XCRemoteSwiftPackageReference "FaviconFinder" */;
			productName = FaviconFinder;
		};
/* End XCSwiftPackageProductDependency section */
	};
	rootObject = B3210FF02AE0146600223753 /* Project object */;
}
